{
  "lockfile_version": "1",
  "packages": {
    "atlas@latest": {
      "last_modified": "2024-11-03T14:18:04Z",
      "resolved": "github:NixOS/nixpkgs/4ae2e647537bcdbb82265469442713d066675275#atlas",
      "source": "devbox-search",
      "version": "0.28.1",
      "systems": {
        "aarch64-darwin": {
          "outputs": [
            {
              "name": "out",
              "path": "/nix/store/w08g5p5fa5jhj5wi61rq7lqsrfq5bm74-atlas-0.28.1",
              "default": true
            }
          ],
          "store_path": "/nix/store/w08g5p5fa5jhj5wi61rq7lqsrfq5bm74-atlas-0.28.1"
        },
        "aarch64-linux": {
          "outputs": [
            {
              "name": "out",
              "path": "/nix/store/1cxn98as37pf35jq1s0vvkx4sj57rivc-atlas-0.28.1",
              "default": true
            }
          ],
          "store_path": "/nix/store/1cxn98as37pf35jq1s0vvkx4sj57rivc-atlas-0.28.1"
        },
        "x86_64-darwin": {
          "outputs": [
            {
              "name": "out",
              "path": "/nix/store/ja28z274yphzjdbsxl3l5nz9992dgsiy-atlas-0.28.1",
              "default": true
            }
          ],
          "store_path": "/nix/store/ja28z274yphzjdbsxl3l5nz9992dgsiy-atlas-0.28.1"
        },
        "x86_64-linux": {
          "outputs": [
            {
              "name": "out",
              "path": "/nix/store/kpmlwiyldpajpa99b43k3sx0krpq3rkb-atlas-0.28.1",
              "default": true
            }
          ],
          "store_path": "/nix/store/kpmlwiyldpajpa99b43k3sx0krpq3rkb-atlas-0.28.1"
        }
      }
    },
    "bun@latest": {
      "last_modified": "2024-11-03T14:18:04Z",
      "resolved": "github:NixOS/nixpkgs/4ae2e647537bcdbb82265469442713d066675275#bun",
      "source": "devbox-search",
      "version": "1.1.31",
      "systems": {
        "aarch64-darwin": {
          "outputs": [
            {
              "name": "out",
              "path": "/nix/store/gmvlpnhc673pjwai7q0ydvikif8r1gg5-bun-1.1.31",
              "default": true
            }
          ],
          "store_path": "/nix/store/gmvlpnhc673pjwai7q0ydvikif8r1gg5-bun-1.1.31"
        },
        "aarch64-linux": {
          "outputs": [
            {
              "name": "out",
              "path": "/nix/store/4xbdp3yb549g0c50qjb2majdg3b484i1-bun-1.1.31",
              "default": true
            }
          ],
          "store_path": "/nix/store/4xbdp3yb549g0c50qjb2majdg3b484i1-bun-1.1.31"
        },
        "x86_64-darwin": {
          "outputs": [
            {
              "name": "out",
              "path": "/nix/store/rvf4znnp3zy53f6wc8wkccrz3n59l552-bun-1.1.31",
              "default": true
            }
          ],
          "store_path": "/nix/store/rvf4znnp3zy53f6wc8wkccrz3n59l552-bun-1.1.31"
        },
        "x86_64-linux": {
          "outputs": [
            {
              "name": "out",
              "path": "/nix/store/gimbmhysr6l7fbzk25alznv0mphiy97a-bun-1.1.31",
              "default": true
            }
          ],
          "store_path": "/nix/store/gimbmhysr6l7fbzk25alznv0mphiy97a-bun-1.1.31"
        }
      }
    },
    "curl@latest": {
      "last_modified": "2024-11-07T05:50:23Z",
      "resolved": "github:NixOS/nixpkgs/85f7e662eda4fa3a995556527c87b2524b691933#curl",
      "source": "devbox-search",
      "version": "8.10.1",
      "systems": {
        "aarch64-darwin": {
          "outputs": [
            {
              "name": "bin",
              "path": "/nix/store/a9kflqidhvy31wsqagmbz6z86zyqpyix-curl-8.10.1-bin",
              "default": true
            },
            {
              "name": "man",
              "path": "/nix/store/5mdbgrc9s83iz4j1z221qa51rwwlrvx5-curl-8.10.1-man",
              "default": true
            },
            {
              "name": "dev",
              "path": "/nix/store/2ip854mhfmvidwyk91zapnr22miwk5pj-curl-8.10.1-dev"
            },
            {
              "name": "devdoc",
              "path": "/nix/store/xgkicx2nj38khn77hrc856cvd6418j1r-curl-8.10.1-devdoc"
            },
            {
              "name": "out",
              "path": "/nix/store/gn4n8pj1xiwxg0hliq0kjld7lkplilip-curl-8.10.1"
            }
          ],
          "store_path": "/nix/store/a9kflqidhvy31wsqagmbz6z86zyqpyix-curl-8.10.1-bin"
        },
        "aarch64-linux": {
          "outputs": [
            {
              "name": "bin",
              "path": "/nix/store/caawgal4gd55fki86nnxfvwfknpj0n52-curl-8.10.1-bin",
              "default": true
            },
            {
              "name": "man",
              "path": "/nix/store/pjbbx3qgzx0ncwf7b96f3lylic2j6zpw-curl-8.10.1-man",
              "default": true
            },
            {
              "name": "out",
              "path": "/nix/store/l8dsa6w5m2mibqvlc60i4id9bypsypjc-curl-8.10.1"
            },
            {
              "name": "debug",
              "path": "/nix/store/rqvbd7adrbndv19msl5yxsvma4akff71-curl-8.10.1-debug"
            },
            {
              "name": "dev",
              "path": "/nix/store/36lgi7lbbidpkhbpm8f82pk2g9xj6s7p-curl-8.10.1-dev"
            },
            {
              "name": "devdoc",
              "path": "/nix/store/xx7pz76nzis56brawq4v1ycp942sl388-curl-8.10.1-devdoc"
            }
          ],
          "store_path": "/nix/store/caawgal4gd55fki86nnxfvwfknpj0n52-curl-8.10.1-bin"
        },
        "x86_64-darwin": {
          "outputs": [
            {
              "name": "bin",
              "path": "/nix/store/7rbl5692vxchfnys7vb07xi241g1f93w-curl-8.10.1-bin",
              "default": true
            },
            {
              "name": "man",
              "path": "/nix/store/7y2ad0fd9bhllk4ahfi3b680s8a0k5ah-curl-8.10.1-man",
              "default": true
            },
            {
              "name": "out",
              "path": "/nix/store/r4lqdyi6r4nxnhqb7qm8lsf5772qdij7-curl-8.10.1"
            },
            {
              "name": "dev",
              "path": "/nix/store/k9cz0k0zr2zs2fh3w58fvr462rgp5im1-curl-8.10.1-dev"
            },
            {
              "name": "devdoc",
              "path": "/nix/store/p96mbch8dclsn8nkd4d97bddwq5bn8h9-curl-8.10.1-devdoc"
            }
          ],
          "store_path": "/nix/store/7rbl5692vxchfnys7vb07xi241g1f93w-curl-8.10.1-bin"
        },
        "x86_64-linux": {
          "outputs": [
            {
              "name": "bin",
              "path": "/nix/store/rw1sbc7ya3abg2p2fbkpmijzn6ylna9d-curl-8.10.1-bin",
              "default": true
            },
            {
              "name": "man",
              "path": "/nix/store/drvj3jlg5xgngpwzll4djzd54s3b3wd0-curl-8.10.1-man",
              "default": true
            },
            {
              "name": "out",
              "path": "/nix/store/vic96jkyhfvq58bwch08618zg72gdgkz-curl-8.10.1"
            },
            {
              "name": "debug",
              "path": "/nix/store/b7mwv94v6621fr97wmfy4crb6dsqv445-curl-8.10.1-debug"
            },
            {
              "name": "dev",
              "path": "/nix/store/h9ff1kzr3xfijmxqgxjbbmjac29sh9nj-curl-8.10.1-dev"
            },
            {
              "name": "devdoc",
              "path": "/nix/store/chcn09z0kfvzn6qswpkjin9ky6yi9l67-curl-8.10.1-devdoc"
            }
          ],
          "store_path": "/nix/store/rw1sbc7ya3abg2p2fbkpmijzn6ylna9d-curl-8.10.1-bin"
        }
      }
    },
    "earthly@latest": {
      "last_modified": "2024-11-03T14:18:04Z",
      "resolved": "github:NixOS/nixpkgs/4ae2e647537bcdbb82265469442713d066675275#earthly",
      "source": "devbox-search",
      "version": "0.8.15",
      "systems": {
        "aarch64-darwin": {
          "outputs": [
            {
              "name": "out",
              "path": "/nix/store/ic8j82l36i9b8nvhdb6kmfx6j5mkdlkv-earthly-0.8.15",
              "default": true
            }
          ],
          "store_path": "/nix/store/ic8j82l36i9b8nvhdb6kmfx6j5mkdlkv-earthly-0.8.15"
        },
        "aarch64-linux": {
          "outputs": [
            {
              "name": "out",
              "path": "/nix/store/j8y220n429l0fyrmvr1pyfj9q7la51xv-earthly-0.8.15",
              "default": true
            }
          ],
          "store_path": "/nix/store/j8y220n429l0fyrmvr1pyfj9q7la51xv-earthly-0.8.15"
        },
        "x86_64-darwin": {
          "outputs": [
            {
              "name": "out",
              "path": "/nix/store/mgqzwv0f63n63h82cmmw91iz8m9d099l-earthly-0.8.15",
              "default": true
            }
          ],
          "store_path": "/nix/store/mgqzwv0f63n63h82cmmw91iz8m9d099l-earthly-0.8.15"
        },
        "x86_64-linux": {
          "outputs": [
            {
              "name": "out",
              "path": "/nix/store/x2svvpljly6bqbfj9mmi4pgb6gn2fznr-earthly-0.8.15",
              "default": true
            }
          ],
          "store_path": "/nix/store/x2svvpljly6bqbfj9mmi4pgb6gn2fznr-earthly-0.8.15"
        }
      }
    },
    "entr@latest": {
      "last_modified": "2024-11-03T14:18:04Z",
      "resolved": "github:NixOS/nixpkgs/4ae2e647537bcdbb82265469442713d066675275#entr",
      "source": "devbox-search",
      "version": "5.6",
      "systems": {
        "aarch64-darwin": {
          "outputs": [
            {
              "name": "out",
              "path": "/nix/store/wfp7gfbakgz2pgal4br8x1rggi62g6m6-entr-5.6",
              "default": true
            }
          ],
          "store_path": "/nix/store/wfp7gfbakgz2pgal4br8x1rggi62g6m6-entr-5.6"
        },
        "aarch64-linux": {
          "outputs": [
            {
              "name": "out",
              "path": "/nix/store/nlymaqmg1100a9hjx7ncymr44swffi86-entr-5.6",
              "default": true
            }
          ],
          "store_path": "/nix/store/nlymaqmg1100a9hjx7ncymr44swffi86-entr-5.6"
        },
        "x86_64-darwin": {
          "outputs": [
            {
              "name": "out",
              "path": "/nix/store/5aps533f5sbyrfwswcbcjjfg0ydxaddx-entr-5.6",
              "default": true
            }
          ],
          "store_path": "/nix/store/5aps533f5sbyrfwswcbcjjfg0ydxaddx-entr-5.6"
        },
        "x86_64-linux": {
          "outputs": [
            {
              "name": "out",
              "path": "/nix/store/83v4l501v5mf0fyjzrw2rll2v5vvfyj2-entr-5.6",
              "default": true
            }
          ],
          "store_path": "/nix/store/83v4l501v5mf0fyjzrw2rll2v5vvfyj2-entr-5.6"
        }
      }
    },
    "flyctl@latest": {
      "last_modified": "2024-11-03T14:18:04Z",
      "resolved": "github:NixOS/nixpkgs/4ae2e647537bcdbb82265469442713d066675275#flyctl",
      "source": "devbox-search",
      "version": "0.3.29",
      "systems": {
        "aarch64-darwin": {
          "outputs": [
            {
              "name": "out",
              "path": "/nix/store/ddl4yf4ny8b5c4vccqyiy5d7kvzas190-flyctl-0.3.29",
              "default": true
            }
          ],
          "store_path": "/nix/store/ddl4yf4ny8b5c4vccqyiy5d7kvzas190-flyctl-0.3.29"
        },
        "aarch64-linux": {
          "outputs": [
            {
              "name": "out",
              "path": "/nix/store/2hpxbzgqsvhgl10l6nyqx2pmkajsbzf5-flyctl-0.3.29",
              "default": true
            }
          ],
          "store_path": "/nix/store/2hpxbzgqsvhgl10l6nyqx2pmkajsbzf5-flyctl-0.3.29"
        },
        "x86_64-darwin": {
          "outputs": [
            {
              "name": "out",
              "path": "/nix/store/s44l1f34b7ym6jaxyqiwdjnfh6wzyvjr-flyctl-0.3.29",
              "default": true
            }
          ],
          "store_path": "/nix/store/s44l1f34b7ym6jaxyqiwdjnfh6wzyvjr-flyctl-0.3.29"
        },
        "x86_64-linux": {
          "outputs": [
            {
              "name": "out",
              "path": "/nix/store/z2lkyraakc644cbrxa0sfk9hm1j6nzrj-flyctl-0.3.29",
              "default": true
            }
          ],
          "store_path": "/nix/store/z2lkyraakc644cbrxa0sfk9hm1j6nzrj-flyctl-0.3.29"
        }
      }
    },
    "just@latest": {
      "last_modified": "2024-11-03T14:18:04Z",
      "resolved": "github:NixOS/nixpkgs/4ae2e647537bcdbb82265469442713d066675275#just",
      "source": "devbox-search",
      "version": "1.36.0",
      "systems": {
        "aarch64-darwin": {
          "outputs": [
            {
              "name": "out",
              "path": "/nix/store/fkzwwgx9xgabzlrgyhqndq5bxzsj3vk6-just-1.36.0",
              "default": true
            },
            {
              "name": "man",
              "path": "/nix/store/48jhap9ycpsb3w0hy9wwz9b71aw94sz9-just-1.36.0-man",
              "default": true
            },
            {
              "name": "doc",
              "path": "/nix/store/myrwag46x8cglmbw31mw23fp7hm0km9k-just-1.36.0-doc"
            }
          ],
          "store_path": "/nix/store/fkzwwgx9xgabzlrgyhqndq5bxzsj3vk6-just-1.36.0"
        },
        "aarch64-linux": {
          "outputs": [
            {
              "name": "out",
              "path": "/nix/store/2pjfhqs9ni6vdka6ckmb5xqli2bldzm2-just-1.36.0",
              "default": true
            },
            {
              "name": "man",
              "path": "/nix/store/72gwxx6d1qqbnivmmr04pzx5gb28jqbf-just-1.36.0-man",
              "default": true
            },
            {
              "name": "doc",
              "path": "/nix/store/k1a4dc1854qa26na3cp5hra1sspy2l9w-just-1.36.0-doc"
            }
          ],
          "store_path": "/nix/store/2pjfhqs9ni6vdka6ckmb5xqli2bldzm2-just-1.36.0"
        },
        "x86_64-darwin": {
          "outputs": [
            {
              "name": "out",
              "path": "/nix/store/ijxzh5z9yqpdxzry0pznh8rkyrg37ahq-just-1.36.0",
              "default": true
            },
            {
              "name": "man",
              "path": "/nix/store/h2l5kln5ws6gkpj714ay38k3fd0z7jsj-just-1.36.0-man",
              "default": true
            },
            {
              "name": "doc",
              "path": "/nix/store/knzk55iljqa74c7s3jxr7c5lg3chmm8l-just-1.36.0-doc"
            }
          ],
          "store_path": "/nix/store/ijxzh5z9yqpdxzry0pznh8rkyrg37ahq-just-1.36.0"
        },
        "x86_64-linux": {
          "outputs": [
            {
              "name": "out",
              "path": "/nix/store/ian74ppvb1z7ykc72l7lsxlfpz08b19v-just-1.36.0",
              "default": true
            },
            {
              "name": "man",
              "path": "/nix/store/r797x369flflcv1h8zygc7gn2274555f-just-1.36.0-man",
              "default": true
            },
            {
              "name": "doc",
              "path": "/nix/store/055wdw6m1q0dmc87ssrhvjjazgdidy9x-just-1.36.0-doc"
            }
          ],
          "store_path": "/nix/store/ian74ppvb1z7ykc72l7lsxlfpz08b19v-just-1.36.0"
        }
      }
    },
    "mill@latest": {
      "last_modified": "2024-11-03T14:18:04Z",
      "resolved": "github:NixOS/nixpkgs/4ae2e647537bcdbb82265469442713d066675275#mill",
      "source": "devbox-search",
      "version": "0.12.0",
      "systems": {
        "aarch64-darwin": {
          "outputs": [
            {
              "name": "out",
              "path": "/nix/store/a0c6d49w9h91nay7477q0y83jwlasbz6-mill-0.12.0",
              "default": true
            }
          ],
          "store_path": "/nix/store/a0c6d49w9h91nay7477q0y83jwlasbz6-mill-0.12.0"
        },
        "aarch64-linux": {
          "outputs": [
            {
              "name": "out",
              "path": "/nix/store/cssrj0z7gwf10b86r86259r2hahnm0ck-mill-0.12.0",
              "default": true
            }
          ],
          "store_path": "/nix/store/cssrj0z7gwf10b86r86259r2hahnm0ck-mill-0.12.0"
        },
        "x86_64-darwin": {
          "outputs": [
            {
              "name": "out",
              "path": "/nix/store/anskj0sk9a3p062jnhmgfil5687paacz-mill-0.12.0",
              "default": true
            }
          ],
          "store_path": "/nix/store/anskj0sk9a3p062jnhmgfil5687paacz-mill-0.12.0"
        },
        "x86_64-linux": {
          "outputs": [
            {
              "name": "out",
              "path": "/nix/store/nzlbw1hi7adiwrqgvhwgc3anfsq0il5s-mill-0.12.0",
              "default": true
            }
          ],
          "store_path": "/nix/store/nzlbw1hi7adiwrqgvhwgc3anfsq0il5s-mill-0.12.0"
        }
      }
    },
    "process-compose@latest": {
      "last_modified": "2024-11-03T14:18:04Z",
      "resolved": "github:NixOS/nixpkgs/4ae2e647537bcdbb82265469442713d066675275#process-compose",
      "source": "devbox-search",
      "version": "1.34.0",
      "systems": {
        "aarch64-darwin": {
          "outputs": [
            {
              "name": "out",
              "path": "/nix/store/04q0662vmk2d603flvkvla3pdc5qbwv1-process-compose-1.34.0",
              "default": true
            }
          ],
          "store_path": "/nix/store/04q0662vmk2d603flvkvla3pdc5qbwv1-process-compose-1.34.0"
        },
        "aarch64-linux": {
          "outputs": [
            {
              "name": "out",
              "path": "/nix/store/xl1hzfbib3lx7gqzp17s3qyd9hpy3fh3-process-compose-1.34.0",
              "default": true
            }
          ],
          "store_path": "/nix/store/xl1hzfbib3lx7gqzp17s3qyd9hpy3fh3-process-compose-1.34.0"
        },
        "x86_64-darwin": {
          "outputs": [
            {
              "name": "out",
              "path": "/nix/store/qzdla6wjcab7bclrzxjamd5as5wz5cry-process-compose-1.34.0",
              "default": true
            }
          ],
          "store_path": "/nix/store/qzdla6wjcab7bclrzxjamd5as5wz5cry-process-compose-1.34.0"
        },
        "x86_64-linux": {
          "outputs": [
            {
              "name": "out",
              "path": "/nix/store/dqfqc0yj605vi5y777x43dkjh0i5kbn1-process-compose-1.34.0",
              "default": true
            }
          ],
          "store_path": "/nix/store/dqfqc0yj605vi5y777x43dkjh0i5kbn1-process-compose-1.34.0"
        }
      }
    },
    "scalafmt@latest": {
      "last_modified": "2024-11-03T14:18:04Z",
      "resolved": "github:NixOS/nixpkgs/4ae2e647537bcdbb82265469442713d066675275#scalafmt",
      "source": "devbox-search",
      "version": "3.7.17",
      "systems": {
        "aarch64-darwin": {
          "outputs": [
            {
              "name": "out",
              "path": "/nix/store/59whp07wv8ck9nf0l5lhlzdv8ryh7f4j-scalafmt-3.7.17",
              "default": true
            }
          ],
          "store_path": "/nix/store/59whp07wv8ck9nf0l5lhlzdv8ryh7f4j-scalafmt-3.7.17"
        },
        "aarch64-linux": {
          "outputs": [
            {
              "name": "out",
              "path": "/nix/store/rig3dakkbcxykilisg9ia2hs2b8smflv-scalafmt-3.7.17",
              "default": true
            }
          ],
          "store_path": "/nix/store/rig3dakkbcxykilisg9ia2hs2b8smflv-scalafmt-3.7.17"
        },
        "x86_64-darwin": {
          "outputs": [
            {
              "name": "out",
              "path": "/nix/store/dhz7qkjpa3a0fbr834aqzixh27rkva46-scalafmt-3.7.17",
              "default": true
            }
          ],
          "store_path": "/nix/store/dhz7qkjpa3a0fbr834aqzixh27rkva46-scalafmt-3.7.17"
        },
        "x86_64-linux": {
          "outputs": [
            {
              "name": "out",
              "path": "/nix/store/nqf41l74lnipa3jjry05p57894vrz5d4-scalafmt-3.7.17",
              "default": true
            }
          ],
          "store_path": "/nix/store/nqf41l74lnipa3jjry05p57894vrz5d4-scalafmt-3.7.17"
        }
      }
    },
    "schemacrawler@latest": {
      "last_modified": "2024-11-03T14:18:04Z",
      "resolved": "github:NixOS/nixpkgs/4ae2e647537bcdbb82265469442713d066675275#schemacrawler",
      "source": "devbox-search",
      "version": "16.22.2",
      "systems": {
        "aarch64-darwin": {
          "outputs": [
            {
              "name": "out",
              "path": "/nix/store/h32a6czxym99v47crhzij7iymlmli0gx-schemacrawler-16.22.2",
              "default": true
            }
          ],
          "store_path": "/nix/store/h32a6czxym99v47crhzij7iymlmli0gx-schemacrawler-16.22.2"
        },
        "aarch64-linux": {
          "outputs": [
            {
              "name": "out",
              "path": "/nix/store/4c5vgy06g6qby12259zxin6f9ng25pp6-schemacrawler-16.22.2",
              "default": true
            }
          ],
          "store_path": "/nix/store/4c5vgy06g6qby12259zxin6f9ng25pp6-schemacrawler-16.22.2"
        },
        "x86_64-darwin": {
          "outputs": [
            {
              "name": "out",
              "path": "/nix/store/hngvcq0x6sigb9wj0q7pbsyr96hcrgjj-schemacrawler-16.22.2",
              "default": true
            }
          ],
          "store_path": "/nix/store/hngvcq0x6sigb9wj0q7pbsyr96hcrgjj-schemacrawler-16.22.2"
        },
        "x86_64-linux": {
          "outputs": [
            {
              "name": "out",
              "path": "/nix/store/45xas2hdb49smv3r1y8ai49alwr2qx68-schemacrawler-16.22.2",
              "default": true
            }
          ],
          "store_path": "/nix/store/45xas2hdb49smv3r1y8ai49alwr2qx68-schemacrawler-16.22.2"
        }
      }
    },
    "sqlite-interactive@latest": {
      "last_modified": "2024-11-06T21:27:13Z",
      "resolved": "github:NixOS/nixpkgs/fe348e1a06a2d791e992d46844a83d2d44436c5a#sqlite-interactive",
      "source": "devbox-search",
      "version": "3.46.1",
      "systems": {
        "aarch64-darwin": {
          "outputs": [
            {
              "name": "bin",
              "path": "/nix/store/yfy32pvkg3p5yfnd4pk9wz4xr5yghbrp-sqlite-interactive-3.46.1-bin",
              "default": true
            },
            {
              "name": "dev",
              "path": "/nix/store/rw0sbmpczcgsa272y6v4rg58yyb5bsfw-sqlite-interactive-3.46.1-dev"
            },
            {
              "name": "out",
              "path": "/nix/store/p5wykkgd0yqg0iambl7lj74kskg7p9r6-sqlite-interactive-3.46.1"
            }
          ],
          "store_path": "/nix/store/yfy32pvkg3p5yfnd4pk9wz4xr5yghbrp-sqlite-interactive-3.46.1-bin"
        },
        "aarch64-linux": {
          "outputs": [
            {
              "name": "bin",
              "path": "/nix/store/9i0h6f2lxbz3szp16dd0j6xfifsdq9n1-sqlite-interactive-3.46.1-bin",
              "default": true
            },
            {
              "name": "debug",
              "path": "/nix/store/yaw0k03lqhwjbb0j6vi2a5jnvz4cgsjl-sqlite-interactive-3.46.1-debug"
            },
            {
              "name": "dev",
              "path": "/nix/store/p5k0ahmv4gc5d1387kp46ra5bskq8xz2-sqlite-interactive-3.46.1-dev"
            },
            {
              "name": "out",
              "path": "/nix/store/45fyfdfq7nfvhj0hsnwjjb5mxqcf3j2k-sqlite-interactive-3.46.1"
            }
          ],
          "store_path": "/nix/store/9i0h6f2lxbz3szp16dd0j6xfifsdq9n1-sqlite-interactive-3.46.1-bin"
        },
        "x86_64-darwin": {
          "outputs": [
            {
              "name": "bin",
              "path": "/nix/store/njj0x3r8isnf2k042ayamnvah224w4fv-sqlite-interactive-3.46.1-bin",
              "default": true
            },
            {
              "name": "dev",
              "path": "/nix/store/zblqaklnh6z3ymnyf43fcg7b331q78pc-sqlite-interactive-3.46.1-dev"
            },
            {
              "name": "out",
              "path": "/nix/store/yhshma19pmimd5s2v20ybnkb4mvvggiy-sqlite-interactive-3.46.1"
            }
          ],
          "store_path": "/nix/store/njj0x3r8isnf2k042ayamnvah224w4fv-sqlite-interactive-3.46.1-bin"
        },
        "x86_64-linux": {
          "outputs": [
            {
              "name": "bin",
              "path": "/nix/store/4baixycgihlprhkgqn47dzaxgw8f6i41-sqlite-interactive-3.46.1-bin",
              "default": true
            },
            {
              "name": "debug",
              "path": "/nix/store/dz93z2mrajvsfxh3mcka7rn6hifnbrjb-sqlite-interactive-3.46.1-debug"
            },
            {
              "name": "dev",
              "path": "/nix/store/m13i1n8n8lccfzvan36bpvlba0y3g66a-sqlite-interactive-3.46.1-dev"
            },
            {
              "name": "out",
              "path": "/nix/store/yb81hsyhgyjwl7kss15fmmympbhs9461-sqlite-interactive-3.46.1"
            }
          ],
          "store_path": "/nix/store/4baixycgihlprhkgqn47dzaxgw8f6i41-sqlite-interactive-3.46.1-bin"
        }
      }
    },
    "wrk@latest": {
      "last_modified": "2024-11-03T14:18:04Z",
      "resolved": "github:NixOS/nixpkgs/4ae2e647537bcdbb82265469442713d066675275#wrk",
      "source": "devbox-search",
      "version": "4.2.0",
      "systems": {
        "aarch64-darwin": {
          "outputs": [
            {
              "name": "out",
              "path": "/nix/store/bgl200v3xd9q3rlnbp6c4c1yjjfwf265-wrk-4.2.0",
              "default": true
            }
          ],
          "store_path": "/nix/store/bgl200v3xd9q3rlnbp6c4c1yjjfwf265-wrk-4.2.0"
        },
        "aarch64-linux": {
          "outputs": [
            {
              "name": "out",
              "path": "/nix/store/6a2n9z7czvd7s4dyspvva6v71w7yixk4-wrk-4.2.0",
              "default": true
            }
          ],
          "store_path": "/nix/store/6a2n9z7czvd7s4dyspvva6v71w7yixk4-wrk-4.2.0"
        },
        "x86_64-darwin": {
          "outputs": [
            {
              "name": "out",
              "path": "/nix/store/llwpyy20y14sd0ilmk87q0k9pd31zbgm-wrk-4.2.0",
              "default": true
            }
          ],
          "store_path": "/nix/store/llwpyy20y14sd0ilmk87q0k9pd31zbgm-wrk-4.2.0"
        },
        "x86_64-linux": {
          "outputs": [
            {
              "name": "out",
              "path": "/nix/store/njpl1ci1wh8pdfk0rd41l5cv8q5zj4xv-wrk-4.2.0",
              "default": true
            }
          ],
          "store_path": "/nix/store/njpl1ci1wh8pdfk0rd41l5cv8q5zj4xv-wrk-4.2.0"
        }
      }
    }
  }
}
